
Microsoft Visual Studio Solution File, Format Version 12.00
# Visual Studio Version 17
VisualStudioVersion = 17.0.31903.59
MinimumVisualStudioVersion = 10.0.40219.1
Project("{FAE04EC0-301F-11D3-BF4B-00C04F79EFBC}") = "Ex0", "Ex0\Ex0.csproj", "{6B7311EF-1C45-4E70-B8E3-E7AFE2F16311}"
EndProject
Project("{FAE04EC0-301F-11D3-BF4B-00C04F79EFBC}") = "Ex0.Tests", "Ex0.Tests\Ex0.Tests.csproj", "{D88EB7B4-653A-49D9-9AA4-915E030DD666}"
EndProject
Global
	GlobalSection(SolutionConfigurationPlatforms) = preSolution
		Debug|Any CPU = Debug|Any CPU
		Release|Any CPU = Release|Any CPU
	EndGlobalSection
	GlobalSection(SolutionProperties) = preSolution
		HideSolutionNode = FALSE
	EndGlobalSection
	GlobalSection(ProjectConfigurationPlatforms) = postSolution
		{6B7311EF-1C45-4E70-B8E3-E7AFE2F16311}.Debug|Any CPU.ActiveCfg = Debug|Any CPU
		{6B7311EF-1C45-4E70-B8E3-E7AFE2F16311}.Debug|Any CPU.Build.0 = Debug|Any CPU
		{6B7311EF-1C45-4E70-B8E3-E7AFE2F16311}.Release|Any CPU.ActiveCfg = Release|Any CPU
		{6B7311EF-1C45-4E70-B8E3-E7AFE2F16311}.Release|Any CPU.Build.0 = Release|Any CPU
		{D88EB7B4-653A-49D9-9AA4-915E030DD666}.Debug|Any CPU.ActiveCfg = Debug|Any CPU
		{D88EB7B4-653A-49D9-9AA4-915E030DD666}.Debug|Any CPU.Build.0 = Debug|Any CPU
		{D88EB7B4-653A-49D9-9AA4-915E030DD666}.Release|Any CPU.ActiveCfg = Release|Any CPU
		{D88EB7B4-653A-49D9-9AA4-915E030DD666}.Release|Any CPU.Build.0 = Release|Any CPU
	EndGlobalSection
EndGlobal
